Microsoft Visual Studio Solution File, Format Version 12.00
# Visual Studio Version 17
VisualStudioVersion = 17.5.2.0
MinimumVisualStudioVersion = 10.0.40219.1
Project("{FAE04EC0-301F-11D3-BF4B-00C04F79EFBC}") = "IPA_Excel_Extension", "IPA_Excel_Extension.csproj", "{C190CC2B-EC7F-DC5B-CDD3-4E0F17A28BCE}"
EndProject
Global
	GlobalSection(SolutionConfigurationPlatforms) = preSolution
		Debug|Any CPU = Debug|Any CPU
		Release|Any CPU = Release|Any CPU
	EndGlobalSection
	GlobalSection(ProjectConfigurationPlatforms) = postSolution
		{C190CC2B-EC7F-DC5B-CDD3-4E0F17A28BCE}.Debug|Any CPU.ActiveCfg = Debug|Any CPU
		{C190CC2B-EC7F-DC5B-CDD3-4E0F17A28BCE}.Debug|Any CPU.Build.0 = Debug|Any CPU
		{C190CC2B-EC7F-DC5B-CDD3-4E0F17A28BCE}.Release|Any CPU.ActiveCfg = Release|Any CPU
		{C190CC2B-EC7F-DC5B-CDD3-4E0F17A28BCE}.Release|Any CPU.Build.0 = Release|Any CPU
	EndGlobalSection
	GlobalSection(SolutionProperties) = preSolution
		HideSolutionNode = FALSE
	EndGlobalSection
	GlobalSection(ExtensibilityGlobals) = postSolution
		SolutionGuid = {4D26096B-4D36-4B9F-A9C2-7D8926EB54F2}
	EndGlobalSection
EndGlobal
